
Microsoft Visual Studio Solution File, Format Version 12.00
# Visual Studio 15
VisualStudioVersion = 15.0.27004.2002
MinimumVisualStudioVersion = 10.0.40219.1
Project("{FAE04EC0-301F-11D3-BF4B-00C04F79EFBC}") = "SFUTimetableParser.Core", "SFUTimetableParser.Core\SFUTimetableParser.Core.csproj", "{30A8E516-EADA-44D0-8C91-BEB4FD24AB27}"
EndProject
Project("{FAE04EC0-301F-11D3-BF4B-00C04F79EFBC}") = "ConsoleApp1", "ConsoleApp1\ConsoleApp1.csproj", "{BF1F7576-653B-4754-8073-8238D29FE637}"
EndProject
Project("{FAE04EC0-301F-11D3-BF4B-00C04F79EFBC}") = "SFUTimetableParser.Implementation", "SFUTimetableParser.Implementation\SFUTimetableParser.Implementation.csproj", "{CF289375-1A69-483B-AB1D-68DEE4DD7542}"
EndProject
Global
	GlobalSection(SolutionConfigurationPlatforms) = preSolution
		Debug|Any CPU = Debug|Any CPU
		Release|Any CPU = Release|Any CPU
	EndGlobalSection
	GlobalSection(ProjectConfigurationPlatforms) = postSolution
		{30A8E516-EADA-44D0-8C91-BEB4FD24AB27}.Debug|Any CPU.ActiveCfg = Debug|Any CPU
		{30A8E516-EADA-44D0-8C91-BEB4FD24AB27}.Debug|Any CPU.Build.0 = Debug|Any CPU
		{30A8E516-EADA-44D0-8C91-BEB4FD24AB27}.Release|Any CPU.ActiveCfg = Release|Any CPU
		{30A8E516-EADA-44D0-8C91-BEB4FD24AB27}.Release|Any CPU.Build.0 = Release|Any CPU
		{BF1F7576-653B-4754-8073-8238D29FE637}.Debug|Any CPU.ActiveCfg = Debug|Any CPU
		{BF1F7576-653B-4754-8073-8238D29FE637}.Debug|Any CPU.Build.0 = Debug|Any CPU
		{BF1F7576-653B-4754-8073-8238D29FE637}.Release|Any CPU.ActiveCfg = Release|Any CPU
		{BF1F7576-653B-4754-8073-8238D29FE637}.Release|Any CPU.Build.0 = Release|Any CPU
		{CF289375-1A69-483B-AB1D-68DEE4DD7542}.Debug|Any CPU.ActiveCfg = Debug|Any CPU
		{CF289375-1A69-483B-AB1D-68DEE4DD7542}.Debug|Any CPU.Build.0 = Debug|Any CPU
		{CF289375-1A69-483B-AB1D-68DEE4DD7542}.Release|Any CPU.ActiveCfg = Release|Any CPU
		{CF289375-1A69-483B-AB1D-68DEE4DD7542}.Release|Any CPU.Build.0 = Release|Any CPU
	EndGlobalSection
	GlobalSection(SolutionProperties) = preSolution
		HideSolutionNode = FALSE
	EndGlobalSection
	GlobalSection(ExtensibilityGlobals) = postSolution
		SolutionGuid = {4C60869D-665B-4921-9605-C345D5380F66}
	EndGlobalSection
EndGlobal
